
Microsoft Visual Studio Solution File, Format Version 12.00
# Visual Studio Version 16
VisualStudioVersion = 16.0.30225.117
MinimumVisualStudioVersion = 10.0.40219.1
Project("{FAE04EC0-301F-11D3-BF4B-00C04F79EFBC}") = "DotNetCoreMvc", "DotNetCoreMvc\DotNetCoreMvc.csproj", "{7BDDB79B-4A73-46AD-8877-3CE9176ACB42}"
EndProject
Global
	GlobalSection(SolutionConfigurationPlatforms) = preSolution
		Debug|Any CPU = Debug|Any CPU
		Release|Any CPU = Release|Any CPU
	EndGlobalSection
	GlobalSection(ProjectConfigurationPlatforms) = postSolution
		{7BDDB79B-4A73-46AD-8877-3CE9176ACB42}.Debug|Any CPU.ActiveCfg = Debug|Any CPU
		{7BDDB79B-4A73-46AD-8877-3CE9176ACB42}.Debug|Any CPU.Build.0 = Debug|Any CPU
		{7BDDB79B-4A73-46AD-8877-3CE9176ACB42}.Release|Any CPU.ActiveCfg = Release|Any CPU
		{7BDDB79B-4A73-46AD-8877-3CE9176ACB42}.Release|Any CPU.Build.0 = Release|Any CPU
	EndGlobalSection
	GlobalSection(SolutionProperties) = preSolution
		HideSolutionNode = FALSE
	EndGlobalSection
	GlobalSection(ExtensibilityGlobals) = postSolution
		SolutionGuid = {75E50C08-1ABA-4F19-810F-1EB65B39CF7D}
	EndGlobalSection
EndGlobal
